Microsoft Visual Studio Solution File, Format Version 12.00
# Visual Studio Version 17
VisualStudioVersion = 17.5.2.0
MinimumVisualStudioVersion = 10.0.40219.1
Project("{FAE04EC0-301F-11D3-BF4B-00C04F79EFBC}") = "tailgrab", "tailgrab.csproj", "{910B279B-72B3-3CFC-4BFE-5A237E51A72C}"
EndProject
Global
	GlobalSection(SolutionConfigurationPlatforms) = preSolution
		Debug|Any CPU = Debug|Any CPU
		Release|Any CPU = Release|Any CPU
	EndGlobalSection
	GlobalSection(ProjectConfigurationPlatforms) = postSolution
		{910B279B-72B3-3CFC-4BFE-5A237E51A72C}.Debug|Any CPU.ActiveCfg = Debug|Any CPU
		{910B279B-72B3-3CFC-4BFE-5A237E51A72C}.Debug|Any CPU.Build.0 = Debug|Any CPU
		{910B279B-72B3-3CFC-4BFE-5A237E51A72C}.Release|Any CPU.ActiveCfg = Release|Any CPU
		{910B279B-72B3-3CFC-4BFE-5A237E51A72C}.Release|Any CPU.Build.0 = Release|Any CPU
	EndGlobalSection
	GlobalSection(SolutionProperties) = preSolution
		HideSolutionNode = FALSE
	EndGlobalSection
	GlobalSection(ExtensibilityGlobals) = postSolution
		SolutionGuid = {58B31BE0-4F02-4A39-961A-01E06C1768E8}
	EndGlobalSection
EndGlobal
